{
  "pins" : [
    {
      "identity" : "observationtestutils",
      "kind" : "remoteSourceControl",
      "location" : "https://github.com/jacobsapps/ObservationTestUtils",
      "state" : {
        "branch" : "main",
        "revision" : "e6452c20c6d36056aa07fb8402262edcf08d75db"
      }
    }
  ],
  "version" : 2
}
